// !$*UTF8*$!
{
	archiveVersion = 1;
	classes = {
	};
	objectVersion = 50;
	objects = {

/* Begin PBXBuildFile section */
		4CADD0782379AF0F0031CAC2 /* AppDelegate.swift in Sources */ = {isa = PBXBuildFile; fileRef = 4CADD0772379AF0F0031CAC2 /* AppDelegate.swift */; };
		4CADD07A2379AF0F0031CAC2 /* SceneDelegate.swift in Sources */ = {isa = PBXBuildFile; fileRef = 4CADD0792379AF0F0031CAC2 /* SceneDelegate.swift */; };
		4CADD07C2379AF0F0031CAC2 /* ContentView.swift in Sources */ = {isa = PBXBuildFile; fileRef = 4CADD07B2379AF0F0031CAC2 /* ContentView.swift */; };
		4CADD07E2379AF120031CAC2 /* Assets.xcassets in Resources */ = {isa = PBXBuildFile; fileRef = 4CADD07D2379AF120031CAC2 /* Assets.xcassets */; };
		4CADD0812379AF120031CAC2 /* Preview Assets.xcassets in Resources */ = {isa = PBXBuildFile; fileRef = 4CADD0802379AF120031CAC2 /* Preview Assets.xcassets */; };
		4CADD0842379AF120031CAC2 /* LaunchScreen.storyboard in Resources */ = {isa = PBXBuildFile; fileRef = 4CADD0822379AF120031CAC2 /* LaunchScreen.storyboard */; };
		4CADD08F2379AF130031CAC2 /* NYT_Mars_EditionTests.swift in Sources */ = {isa = PBXBuildFile; fileRef = 4CADD08E2379AF130031CAC2 /* NYT_Mars_EditionTests.swift */; };
/* End PBXBuildFile section */

/* Begin PBXContainerItemProxy section */
		4CADD08B2379AF130031CAC2 /* PBXContainerItemProxy */ = {
			isa = PBXContainerItemProxy;
			containerPortal = 4CADD06C2379AF0F0031CAC2 /* Project object */;
			proxyType = 1;
			remoteGlobalIDString = 4CADD0732379AF0F0031CAC2;
			remoteInfo = "NYT Mars Edition";
		};
/* End PBXContainerItemProxy section */

/* Begin PBXFileReference section */
		4CADD0742379AF0F0031CAC2 /* NYT Mars Edition.app */ = {isa = PBXFileReference; explicitFileType = wrapper.application; includeInIndex = 0; path = "NYT Mars Edition.app"; sourceTree = BUILT_PRODUCTS_DIR; };
		4CADD0772379AF0F0031CAC2 /* AppDelegate.swift */ = {isa = PBXFileReference; lastKnownFileType = sourcecode.swift; path = AppDelegate.swift; sourceTree = "<group>"; };
		4CADD0792379AF0F0031CAC2 /* SceneDelegate.swift */ = {isa = PBXFileReference; lastKnownFileType = sourcecode.swift; path = SceneDelegate.swift; sourceTree = "<group>"; };
		4CADD07B2379AF0F0031CAC2 /* ContentView.swift */ = {isa = PBXFileReference; lastKnownFileType = sourcecode.swift; path = ContentView.swift; sourceTree = "<group>"; };
		4CADD07D2379AF120031CAC2 /* Assets.xcassets */ = {isa = PBXFileReference; lastKnownFileType = folder.assetcatalog; path = Assets.xcassets; sourceTree = "<group>"; };
		4CADD0802379AF120031CAC2 /* Preview Assets.xcassets */ = {isa = PBXFileReference; lastKnownFileType = folder.assetcatalog; path = "Preview Assets.xcassets"; sourceTree = "<group>"; };
		4CADD0832379AF120031CAC2 /* Base */ = {isa = PBXFileReference; lastKnownFileType = file.storyboard; name = Base; path = Base.lproj/LaunchScreen.storyboard; sourceTree = "<group>"; };
		4CADD0852379AF120031CAC2 /* Info.plist */ = {isa = PBXFileReference; lastKnownFileType = text.plist.xml; path = Info.plist; sourceTree = "<group>"; };
		4CADD08A2379AF130031CAC2 /* NYT Mars EditionTests.xctest */ = {isa = PBXFileReference; explicitFileType = wrapper.cfbundle; includeInIndex = 0; path = "NYT Mars EditionTests.xctest"; sourceTree = BUILT_PRODUCTS_DIR; };
		4CADD08E2379AF130031CAC2 /* NYT_Mars_EditionTests.swift */ = {isa = PBXFileReference; lastKnownFileType = sourcecode.swift; path = NYT_Mars_EditionTests.swift; sourceTree = "<group>"; };
		4CADD0902379AF130031CAC2 /* Info.plist */ = {isa = PBXFileReference; lastKnownFileType = text.plist.xml; path = Info.plist; sourceTree = "<group>"; };
/* End PBXFileReference section */

/* Begin PBXFrameworksBuildPhase section */
		4CADD0712379AF0F0031CAC2 /* Frameworks */ = {
			isa = PBXFrameworksBuildPhase;
			buildActionMask = 2147483647;
			files = (
			);
			runOnlyForDeploymentPostprocessing = 0;
		};
		4CADD0872379AF130031CAC2 /* Frameworks */ = {
			isa = PBXFrameworksBuildPhase;
			buildActionMask = 2147483647;
			files = (
			);
			runOnlyForDeploymentPostprocessing = 0;
		};
/* End PBXFrameworksBuildPhase section */

/* Begin PBXGroup section */
		4CADD06B2379AF0F0031CAC2 = {
			isa = PBXGroup;
			children = (
				4CADD0762379AF0F0031CAC2 /* NYT Mars Edition */,
				4CADD08D2379AF130031CAC2 /* NYT Mars EditionTests */,
				4CADD0752379AF0F0031CAC2 /* Products */,
			);
			sourceTree = "<group>";
		};
		4CADD0752379AF0F0031CAC2 /* Products */ = {
			isa = PBXGroup;
			children = (
				4CADD0742379AF0F0031CAC2 /* NYT Mars Edition.app */,
				4CADD08A2379AF130031CAC2 /* NYT Mars EditionTests.xctest */,
			);
			name = Products;
			sourceTree = "<group>";
		};
		4CADD0762379AF0F0031CAC2 /* NYT Mars Edition */ = {
			isa = PBXGroup;
			children = (
				4CADD0772379AF0F0031CAC2 /* AppDelegate.swift */,
				4CADD0792379AF0F0031CAC2 /* SceneDelegate.swift */,
				4CADD07B2379AF0F0031CAC2 /* ContentView.swift */,
				4CADD07D2379AF120031CAC2 /* Assets.xcassets */,
				4CADD0822379AF120031CAC2 /* LaunchScreen.storyboard */,
				4CADD0852379AF120031CAC2 /* Info.plist */,
				4CADD07F2379AF120031CAC2 /* Preview Content */,
			);
			path = "NYT Mars Edition";
			sourceTree = "<group>";
		};
		4CADD07F2379AF120031CAC2 /* Preview Content */ = {
			isa = PBXGroup;
			children = (
				4CADD0802379AF120031CAC2 /* Preview Assets.xcassets */,
			);
			path = "Preview Content";
			sourceTree = "<group>";
		};
		4CADD08D2379AF130031CAC2 /* NYT Mars EditionTests */ = {
			isa = PBXGroup;
			children = (
				4CADD08E2379AF130031CAC2 /* NYT_Mars_EditionTests.swift */,
				4CADD0902379AF130031CAC2 /* Info.plist */,
			);
			path = "NYT Mars EditionTests";
			sourceTree = "<group>";
		};
/* End PBXGroup section */

/* Begin PBXNativeTarget section */
		4CADD0732379AF0F0031CAC2 /* NYT Mars Edition */ = {
			isa = PBXNativeTarget;
			buildConfigurationList = 4CADD0932379AF130031CAC2 /* Build configuration list for PBXNativeTarget "NYT Mars Edition" */;
			buildPhases = (
				4CADD0702379AF0F0031CAC2 /* Sources */,
				4CADD0712379AF0F0031CAC2 /* Frameworks */,
				4CADD0722379AF0F0031CAC2 /* Resources */,
			);
			buildRules = (
			);
			dependencies = (
			);
			name = "NYT Mars Edition";
			productName = "NYT Mars Edition";
			productReference = 4CADD0742379AF0F0031CAC2 /* NYT Mars Edition.app */;
			productType = "com.apple.product-type.application";
		};
		4CADD0892379AF130031CAC2 /* NYT Mars EditionTests */ = {
			isa = PBXNativeTarget;
			buildConfigurationList = 4CADD0962379AF130031CAC2 /* Build configuration list for PBXNativeTarget "NYT Mars EditionTests" */;
			buildPhases = (
				4CADD0862379AF130031CAC2 /* Sources */,
				4CADD0872379AF130031CAC2 /* Frameworks */,
				4CADD0882379AF130031CAC2 /* Resources */,
			);
			buildRules = (
			);
			dependencies = (
				4CADD08C2379AF130031CAC2 /* PBXTargetDependency */,
			);
			name = "NYT Mars EditionTests";
			productName = "NYT Mars EditionTests";
			productReference = 4CADD08A2379AF130031CAC2 /* NYT Mars EditionTests.xctest */;
			productType = "com.apple.product-type.bundle.unit-test";
		};
/* End PBXNativeTarget section */

/* Begin PBXProject section */
		4CADD06C2379AF0F0031CAC2 /* Project object */ = {
			isa = PBXProject;
			attributes = {
				LastSwiftUpdateCheck = 1120;
				LastUpgradeCheck = 1120;
				ORGANIZATIONNAME = "Heliotropix, LLC";
				TargetAttributes = {
					4CADD0732379AF0F0031CAC2 = {
						CreatedOnToolsVersion = 11.2;
					};
					4CADD0892379AF130031CAC2 = {
						CreatedOnToolsVersion = 11.2;
						TestTargetID = 4CADD0732379AF0F0031CAC2;
					};
				};
			};
			buildConfigurationList = 4CADD06F2379AF0F0031CAC2 /* Build configuration list for PBXProject "NYT Mars Edition" */;
			compatibilityVersion = "Xcode 9.3";
			developmentRegion = en;
			hasScannedForEncodings = 0;
			knownRegions = (
				en,
				Base,
			);
			mainGroup = 4CADD06B2379AF0F0031CAC2;
			productRefGroup = 4CADD0752379AF0F0031CAC2 /* Products */;
			projectDirPath = "";
			projectRoot = "";
			targets = (
				4CADD0732379AF0F0031CAC2 /* NYT Mars Edition */,
				4CADD0892379AF130031CAC2 /* NYT Mars EditionTests */,
			);
		};
/* End PBXProject section */

/* Begin PBXResourcesBuildPhase section */
		4CADD0722379AF0F0031CAC2 /* Resources */ = {
			isa = PBXResourcesBuildPhase;
			buildActionMask = 2147483647;
			files = (
				4CADD0842379AF120031CAC2 /* LaunchScreen.storyboard in Resources */,
				4CADD0812379AF120031CAC2 /* Preview Assets.xcassets in Resources */,
				4CADD07E2379AF120031CAC2 /* Assets.xcassets in Resources */,
			);
			runOnlyForDeploymentPostprocessing = 0;
		};
		4CADD0882379AF130031CAC2 /* Resources */ = {
			isa = PBXResourcesBuildPhase;
			buildActionMask = 2147483647;
			files = (
			);
			runOnlyForDeploymentPostprocessing = 0;
		};
/* End PBXResourcesBuildPhase section */

/* Begin PBXSourcesBuildPhase section */
		4CADD0702379AF0F0031CAC2 /* Sources */ = {
			isa = PBXSourcesBuildPhase;
			buildActionMask = 2147483647;
			files = (
				4CADD0782379AF0F0031CAC2 /* AppDelegate.swift in Sources */,
				4CADD07A2379AF0F0031CAC2 /* SceneDelegate.swift in Sources */,
				4CADD07C2379AF0F0031CAC2 /* ContentView.swift in Sources */,
			);
			runOnlyForDeploymentPostprocessing = 0;
		};
		4CADD0862379AF130031CAC2 /* Sources */ = {
			isa = PBXSourcesBuildPhase;
			buildActionMask = 2147483647;
			files = (
				4CADD08F2379AF130031CAC2 /* NYT_Mars_EditionTests.swift in Sources */,
			);
			runOnlyForDeploymentPostprocessing = 0;
		};
/* End PBXSourcesBuildPhase section */

/* Begin PBXTargetDependency section */
		4CADD08C2379AF130031CAC2 /* PBXTargetDependency */ = {
			isa = PBXTargetDependency;
			target = 4CADD0732379AF0F0031CAC2 /* NYT Mars Edition */;
			targetProxy = 4CADD08B2379AF130031CAC2 /* PBXContainerItemProxy */;
		};
/* End PBXTargetDependency section */

/* Begin PBXVariantGroup section */
		4CADD0822379AF120031CAC2 /* LaunchScreen.storyboard */ = {
			isa = PBXVariantGroup;
			children = (
				4CADD0832379AF120031CAC2 /* Base */,
			);
			name = LaunchScreen.storyboard;
			sourceTree = "<group>";
		};
/* End PBXVariantGroup section */

/* Begin XCBuildConfiguration section */
		4CADD0912379AF130031CAC2 /* Debug */ = {
			isa = XCBuildConfiguration;
			buildSettings = {
				ALWAYS_SEARCH_USER_PATHS = NO;
				CLANG_ANALYZER_NONNULL = YES;
				CLANG_ANALYZER_NUMBER_OBJECT_CONVERSION = YES_AGGRESSIVE;
				CLANG_CXX_LANGUAGE_STANDARD = "gnu++14";
				CLANG_CXX_LIBRARY = "libc++";
				CLANG_ENABLE_MODULES = YES;
				CLANG_ENABLE_OBJC_ARC = YES;
				CLANG_ENABLE_OBJC_WEAK = YES;
				CLANG_WARN_BLOCK_CAPTURE_AUTORELEASING = YES;
				CLANG_WARN_BOOL_CONVERSION = YES;
				CLANG_WARN_COMMA = YES;
				CLANG_WARN_CONSTANT_CONVERSION = YES;
				CLANG_WARN_DEPRECATED_OBJC_IMPLEMENTATIONS = YES;
				CLANG_WARN_DIRECT_OBJC_ISA_USAGE = YES_ERROR;
				CLANG_WARN_DOCUMENTATION_COMMENTS = YES;
				CLANG_WARN_EMPTY_BODY = YES;
				CLANG_WARN_ENUM_CONVERSION = YES;
				CLANG_WARN_INFINITE_RECURSION = YES;
				CLANG_WARN_INT_CONVERSION = YES;
				CLANG_WARN_NON_LITERAL_NULL_CONVERSION = YES;
				CLANG_WARN_OBJC_IMPLICIT_RETAIN_SELF = YES;
				CLANG_WARN_OBJC_LITERAL_CONVERSION = YES;
				CLANG_WARN_OBJC_ROOT_CLASS = YES_ERROR;
				CLANG_WARN_RANGE_LOOP_ANALYSIS = YES;
				CLANG_WARN_STRICT_PROTOTYPES = YES;
				CLANG_WARN_SUSPICIOUS_MOVE = YES;
				CLANG_WARN_UNGUARDED_AVAILABILITY = YES_AGGRESSIVE;
				CLANG_WARN_UNREACHABLE_CODE = YES;
				CLANG_WARN__DUPLICATE_METHOD_MATCH = YES;
				COPY_PHASE_STRIP = NO;
				DEBUG_INFORMATION_FORMAT = dwarf;
				ENABLE_STRICT_OBJC_MSGSEND = YES;
				ENABLE_TESTABILITY = YES;
				GCC_C_LANGUAGE_STANDARD = gnu11;
				GCC_DYNAMIC_NO_PIC = NO;
				GCC_NO_COMMON_BLOCKS = YES;
				GCC_OPTIMIZATION_LEVEL = 0;
				GCC_PREPROCESSOR_DEFINITIONS = (
					"DEBUG=1",
					"$(inherited)",
				);
				GCC_WARN_64_TO_32_BIT_CONVERSION = YES;
				GCC_WARN_ABOUT_RETURN_TYPE = YES_ERROR;
				GCC_WARN_UNDECLARED_SELECTOR = YES;
				GCC_WARN_UNINITIALIZED_AUTOS = YES_AGGRESSIVE;
				GCC_WARN_UNUSED_FUNCTION = YES;
				GCC_WARN_UNUSED_VARIABLE = YES;
				IPHONEOS_DEPLOYMENT_TARGET = 13.2;
				MTL_ENABLE_DEBUG_INFO = INCLUDE_SOURCE;
				MTL_FAST_MATH = YES;
				ONLY_ACTIVE_ARCH = YES;
				SDKROOT = iphoneos;
				SWIFT_ACTIVE_COMPILATION_CONDITIONS = DEBUG;
				SWIFT_OPTIMIZATION_LEVEL = "-Onone";
			};
			name = Debug;
		};
		4CADD0922379AF130031CAC2 /* Release */ = {
			isa = XCBuildConfiguration;
			buildSettings = {
				ALWAYS_SEARCH_USER_PATHS = NO;
				CLANG_ANALYZER_NONNULL = YES;
				CLANG_ANALYZER_NUMBER_OBJECT_CONVERSION = YES_AGGRESSIVE;
				CLANG_CXX_LANGUAGE_STANDARD = "gnu++14";
				CLANG_CXX_LIBRARY = "libc++";
				CLANG_ENABLE_MODULES = YES;
				CLANG_ENABLE_OBJC_ARC = YES;
				CLANG_ENABLE_OBJC_WEAK = YES;
				CLANG_WARN_BLOCK_CAPTURE_AUTORELEASING = YES;
				CLANG_WARN_BOOL_CONVERSION = YES;
				CLANG_WARN_COMMA = YES;
				CLANG_WARN_CONSTANT_CONVERSION = YES;
				CLANG_WARN_DEPRECATED_OBJC_IMPLEMENTATIONS = YES;
				CLANG_WARN_DIRECT_OBJC_ISA_USAGE = YES_ERROR;
				CLANG_WARN_DOCUMENTATION_COMMENTS = YES;
				CLANG_WARN_EMPTY_BODY = YES;
				CLANG_WARN_ENUM_CONVERSION = YES;
				CLANG_WARN_INFINITE_RECURSION = YES;
				CLANG_WARN_INT_CONVERSION = YES;
				CLANG_WARN_NON_LITERAL_NULL_CONVERSION = YES;
				CLANG_WARN_OBJC_IMPLICIT_RETAIN_SELF = YES;
				CLANG_WARN_OBJC_LITERAL_CONVERSION = YES;
				CLANG_WARN_OBJC_ROOT_CLASS = YES_ERROR;
				CLANG_WARN_RANGE_LOOP_ANALYSIS = YES;
				CLANG_WARN_STRICT_PROTOTYPES = YES;
				CLANG_WARN_SUSPICIOUS_MOVE = YES;
				CLANG_WARN_UNGUARDED_AVAILABILITY = YES_AGGRESSIVE;
				CLANG_WARN_UNREACHABLE_CODE = YES;
				CLANG_WARN__DUPLICATE_METHOD_MATCH = YES;
				COPY_PHASE_STRIP = NO;
				DEBUG_INFORMATION_FORMAT = "dwarf-with-dsym";
				ENABLE_NS_ASSERTIONS = NO;
				ENABLE_STRICT_OBJC_MSGSEND = YES;
				GCC_C_LANGUAGE_STANDARD = gnu11;
				GCC_NO_COMMON_BLOCKS = YES;
				GCC_WARN_64_TO_32_BIT_CONVERSION = YES;
				GCC_WARN_ABOUT_RETURN_TYPE = YES_ERROR;
				GCC_WARN_UNDECLARED_SELECTOR = YES;
				GCC_WARN_UNINITIALIZED_AUTOS = YES_AGGRESSIVE;
				GCC_WARN_UNUSED_FUNCTION = YES;
				GCC_WARN_UNUSED_VARIABLE = YES;
				IPHONEOS_DEPLOYMENT_TARGET = 13.2;
				MTL_ENABLE_DEBUG_INFO = NO;
				MTL_FAST_MATH = YES;
				SDKROOT = iphoneos;
				SWIFT_COMPILATION_MODE = wholemodule;
				SWIFT_OPTIMIZATION_LEVEL = "-O";
				VALIDATE_PRODUCT = YES;
			};
			name = Release;
		};
		4CADD0942379AF130031CAC2 /* Debug */ = {
			isa = XCBuildConfiguration;
			buildSettings = {
				ASSETCATALOG_COMPILER_APPICON_NAME = AppIcon;
				CODE_SIGN_STYLE = Automatic;
				DEVELOPMENT_ASSET_PATHS = "\"NYT Mars Edition/Preview Content\"";
				DEVELOPMENT_TEAM = 55PL542ZUV;
				ENABLE_PREVIEWS = YES;
				INFOPLIST_FILE = "NYT Mars Edition/Info.plist";
				LD_RUNPATH_SEARCH_PATHS = (
					"$(inherited)",
					"@executable_path/Frameworks",
				);
				PRODUCT_BUNDLE_IDENTIFIER = "com.heliotropix.NYT-Mars-Edition";
				PRODUCT_NAME = "$(TARGET_NAME)";
				SWIFT_VERSION = 5.0;
				TARGETED_DEVICE_FAMILY = "1,2";
			};
			name = Debug;
		};
		4CADD0952379AF130031CAC2 /* Release */ = {
			isa = XCBuildConfiguration;
			buildSettings = {
				ASSETCATALOG_COMPILER_APPICON_NAME = AppIcon;
				CODE_SIGN_STYLE = Automatic;
				DEVELOPMENT_ASSET_PATHS = "\"NYT Mars Edition/Preview Content\"";
				DEVELOPMENT_TEAM = 55PL542ZUV;
				ENABLE_PREVIEWS = YES;
				INFOPLIST_FILE = "NYT Mars Edition/Info.plist";
				LD_RUNPATH_SEARCH_PATHS = (
					"$(inherited)",
					"@executable_path/Frameworks",
				);
				PRODUCT_BUNDLE_IDENTIFIER = "com.heliotropix.NYT-Mars-Edition";
				PRODUCT_NAME = "$(TARGET_NAME)";
				SWIFT_VERSION = 5.0;
				TARGETED_DEVICE_FAMILY = "1,2";
			};
			name = Release;
		};
		4CADD0972379AF130031CAC2 /* Debug */ = {
			isa = XCBuildConfiguration;
			buildSettings = {
				ALWAYS_EMBED_SWIFT_STANDARD_LIBRARIES = YES;
				BUNDLE_LOADER = "$(TEST_HOST)";
				CODE_SIGN_STYLE = Automatic;
				DEVELOPMENT_TEAM = 55PL542ZUV;
				INFOPLIST_FILE = "NYT Mars EditionTests/Info.plist";
				IPHONEOS_DEPLOYMENT_TARGET = 13.2;
				LD_RUNPATH_SEARCH_PATHS = (
					"$(inherited)",
					"@executable_path/Frameworks",
					"@loader_path/Frameworks",
				);
				PRODUCT_BUNDLE_IDENTIFIER = "com.heliotropix.NYT-Mars-EditionTests";
				PRODUCT_NAME = "$(TARGET_NAME)";
				SWIFT_VERSION = 5.0;
				TARGETED_DEVICE_FAMILY = "1,2";
				TEST_HOST = "$(BUILT_PRODUCTS_DIR)/NYT Mars Edition.app/NYT Mars Edition";
			};
			name = Debug;
		};
		4CADD0982379AF130031CAC2 /* Release */ = {
			isa = XCBuildConfiguration;
			buildSettings = {
				ALWAYS_EMBED_SWIFT_STANDARD_LIBRARIES = YES;
				BUNDLE_LOADER = "$(TEST_HOST)";
				CODE_SIGN_STYLE = Automatic;
				DEVELOPMENT_TEAM = 55PL542ZUV;
				INFOPLIST_FILE = "NYT Mars EditionTests/Info.plist";
				IPHONEOS_DEPLOYMENT_TARGET = 13.2;
				LD_RUNPATH_SEARCH_PATHS = (
					"$(inherited)",
					"@executable_path/Frameworks",
					"@loader_path/Frameworks",
				);
				PRODUCT_BUNDLE_IDENTIFIER = "com.heliotropix.NYT-Mars-EditionTests";
				PRODUCT_NAME = "$(TARGET_NAME)";
				SWIFT_VERSION = 5.0;
				TARGETED_DEVICE_FAMILY = "1,2";
				TEST_HOST = "$(BUILT_PRODUCTS_DIR)/NYT Mars Edition.app/NYT Mars Edition";
			};
			name = Release;
		};
/* End XCBuildConfiguration section */

/* Begin XCConfigurationList section */
		4CADD06F2379AF0F0031CAC2 /* Build configuration list for PBXProject "NYT Mars Edition" */ = {
			isa = XCConfigurationList;
			buildConfigurations = (
				4CADD0912379AF130031CAC2 /* Debug */,
				4CADD0922379AF130031CAC2 /* Release */,
			);
			defaultConfigurationIsVisible = 0;
			defaultConfigurationName = Release;
		};
		4CADD0932379AF130031CAC2 /* Build configuration list for PBXNativeTarget "NYT Mars Edition" */ = {
			isa = XCConfigurationList;
			buildConfigurations = (
				4CADD0942379AF130031CAC2 /* Debug */,
				4CADD0952379AF130031CAC2 /* Release */,
			);
			defaultConfigurationIsVisible = 0;
			defaultConfigurationName = Release;
		};
		4CADD0962379AF130031CAC2 /* Build configuration list for PBXNativeTarget "NYT Mars EditionTests" */ = {
			isa = XCConfigurationList;
			buildConfigurations = (
				4CADD0972379AF130031CAC2 /* Debug */,
				4CADD0982379AF130031CAC2 /* Release */,
			);
			defaultConfigurationIsVisible = 0;
			defaultConfigurationName = Release;
		};
/* End XCConfigurationList section */
	};
	rootObject = 4CADD06C2379AF0F0031CAC2 /* Project object */;
}
